// !$*UTF8*$!
{
	archiveVersion = 1;
	classes = {
	};
	objectVersion = 77;
	objects = {

/* Begin PBXBuildFile section */
		1491A24D4D1068FC7AA7F81F /* NextFixtureIntent.swift in Sources */ = {isa = PBXBuildFile; fileRef = 017A9B878DA28B16B4293E2E /* NextFixtureIntent.swift */; };
		29D6851D1CFD334DB7CD81FC /* CloudKitSyncService.swift in Sources */ = {isa = PBXBuildFile; fileRef = 484D44AD5C5B2CC0E9F5D0CF /* CloudKitSyncService.swift */; };
		2FFBE1DF9F8EE2D2EF00A015 /* ExportCardView.swift in Sources */ = {isa = PBXBuildFile; fileRef = 3F0BC73AF9416895839E5849 /* ExportCardView.swift */; };
		3B2EB1EE622189438D3D6298 /* Player.swift in Sources */ = {isa = PBXBuildFile; fileRef = 35BAC318FC2AC3551049FA55 /* Player.swift */; };
		4C58EEA7A9F2BB7FF96A60C8 /* PlayerAvatar.swift in Sources */ = {isa = PBXBuildFile; fileRef = 1E533BDB5FA112CA6ED16252 /* PlayerAvatar.swift */; };
		56C9147427DC7805C3423C3C /* SeasonRecordView.swift in Sources */ = {isa = PBXBuildFile; fileRef = E6500DEB7CDD402FD3BD7D0B /* SeasonRecordView.swift */; };
		594A81B2477C58F956590CE7 /* FixturePickerView.swift in Sources */ = {isa = PBXBuildFile; fileRef = 64C0D653869A92EC827D58D6 /* FixturePickerView.swift */; };
		5CE4AD0F42814D93859E92C2 /* PitchVenue.swift in Sources */ = {isa = PBXBuildFile; fileRef = 81CE3FA1C04A261DACD560AE /* PitchVenue.swift */; };
		5DFE5A5FE7A6827D5CF7C2A4 /* HockeyLineupApp.swift in Sources */ = {isa = PBXBuildFile; fileRef = 7C7B671813812B22F14A97AE /* HockeyLineupApp.swift */; };
		5E030DE13C0F1E8823D30B50 /* LineupCard.swift in Sources */ = {isa = PBXBuildFile; fileRef = B53087EA0843DBBF6EF9CC8F /* LineupCard.swift */; };
		68942BBDC8004FA1D3DC6D78 /* ViewRendering.swift in Sources */ = {isa = PBXBuildFile; fileRef = 9EBC900ECD8AC0182EEBAA96 /* ViewRendering.swift */; };
		6F072F2639BBC75DDFF3A3C7 /* PlayerPickerView.swift in Sources */ = {isa = PBXBuildFile; fileRef = C19DB37D13DA8C5C79F05D57 /* PlayerPickerView.swift */; };
		7208FA3BA0C6C76A6E8360F1 /* Color+Hex.swift in Sources */ = {isa = PBXBuildFile; fileRef = 28536282BB4EC9ABA33B50CD /* Color+Hex.swift */; };
		757AC9785652DACA26035FF1 /* MatchLiveActivityWidget.swift in Sources */ = {isa = PBXBuildFile; fileRef = D9B6549A71CCF4F294D05D49 /* MatchLiveActivityWidget.swift */; };
		776DD742C5A664333430C294 /* LineupStore.swift in Sources */ = {isa = PBXBuildFile; fileRef = 8815ABBD13D128087DC4BA95 /* LineupStore.swift */; };
		782A2070838D3DB1EE001701 /* PitchView.swift in Sources */ = {isa = PBXBuildFile; fileRef = C17B1BD609B5B6E04D61C970 /* PitchView.swift */; };
		799FF1A220A1D620883DA5EE /* LeagueDataTests.swift in Sources */ = {isa = PBXBuildFile; fileRef = 487C6F39B43F2B54F0C5BFEB /* LeagueDataTests.swift */; };
		7F93A5071F278428D91FBCCE /* PitchMarkingsView.swift in Sources */ = {isa = PBXBuildFile; fileRef = 13183BEE691B72C68DF0A6DB /* PitchMarkingsView.swift */; };
		85BDC0DC1B07E89235D842D2 /* Theme.swift in Sources */ = {isa = PBXBuildFile; fileRef = 3EDDD1132AC91F85D4D897FA /* Theme.swift */; };
		886743C55781EBEDE71AEA19 /* MatchActivityAttributes.swift in Sources */ = {isa = PBXBuildFile; fileRef = 08A96E0169F97A3FB59CAC64 /* MatchActivityAttributes.swift */; };
		8974680F6290A9A3B790168C /* PlayerFormView.swift in Sources */ = {isa = PBXBuildFile; fileRef = 93EAF831545C7C7E02817BF0 /* PlayerFormView.swift */; };
		94F160615402EA5781C9FC8D /* LineupCardTests.swift in Sources */ = {isa = PBXBuildFile; fileRef = E28D9F7FAA895B1E8F40AA69 /* LineupCardTests.swift */; };
		95CF61A8AD516B3CD0E0F8B4 /* CalendarService.swift in Sources */ = {isa = PBXBuildFile; fileRef = F06D498F83AD372E92BCC11D /* CalendarService.swift */; };
		97A96C0F074411F52154A2B3 /* NextFixtureWidget.swift in Sources */ = {isa = PBXBuildFile; fileRef = 5128EF47B4A70846AF63C767 /* NextFixtureWidget.swift */; };
		9819AA45FD96FDC948C236B2 /* PitchVenuePickerView.swift in Sources */ = {isa = PBXBuildFile; fileRef = 3032A4820AFBCBA260EE45CC /* PitchVenuePickerView.swift */; };
		99140DE8C7A08157B3F10DE2 /* MatchActivityAttributes.swift in Sources */ = {isa = PBXBuildFile; fileRef = 08A96E0169F97A3FB59CAC64 /* MatchActivityAttributes.swift */; };
		A2747DD4137A4900FBF2A8E9 /* PlayerStore.swift in Sources */ = {isa = PBXBuildFile; fileRef = 417339181E61AF783EE9D586 /* PlayerStore.swift */; };
		A2CB26A185CD8A0DBC773BC8 /* MatchResult.swift in Sources */ = {isa = PBXBuildFile; fileRef = B80966925E61F554767EBED9 /* MatchResult.swift */; };
		A3B2B6B9958739F5200D176F /* ActivityShareSheet.swift in Sources */ = {isa = PBXBuildFile; fileRef = 0A53C9764EF1C981518F0EE1 /* ActivityShareSheet.swift */; };
		A7E2A305B7CB89924838E942 /* Color+Hex.swift in Sources */ = {isa = PBXBuildFile; fileRef = 28536282BB4EC9ABA33B50CD /* Color+Hex.swift */; };
		A8471E5D192BF20C8C9D8BCD /* ContentView.swift in Sources */ = {isa = PBXBuildFile; fileRef = 9AC2F81519F1FED52D30DCAB /* ContentView.swift */; };
		A8AFA545C56D91EDEDAFCD3C /* FormationPickerView.swift in Sources */ = {isa = PBXBuildFile; fileRef = 7343DB091FAE6384DBB58B2C /* FormationPickerView.swift */; };
		AD61EA3BB106BC4062FA0CFF /* LeagueData.swift in Sources */ = {isa = PBXBuildFile; fileRef = 8CEF310A0D230188BD8DB4DA /* LeagueData.swift */; };
		B45FC7D0ECF7B158DF209EB0 /* Formation.swift in Sources */ = {isa = PBXBuildFile; fileRef = F7282E30B7767B0B59A6C524 /* Formation.swift */; };
		B48C05B927D7147369791CF8 /* PitchVenueTests.swift in Sources */ = {isa = PBXBuildFile; fileRef = 4AB51E88C49C760F1CCBD5FE /* PitchVenueTests.swift */; };
		B4FA5526C7F4B530F3FA98C2 /* FailableDecodable.swift in Sources */ = {isa = PBXBuildFile; fileRef = 513433185E68892F455FC8CD /* FailableDecodable.swift */; };
		C27D08BAAA05D6E0DAFDE2C7 /* FortressWidgetExtension.appex in Embed Foundation Extensions */ = {isa = PBXBuildFile; fileRef = 33B9CB0594F00CF9BBDFE283 /* FortressWidgetExtension.appex */; settings = {ATTRIBUTES = (RemoveHeadersOnCopy, ); }; };
		C465866A3B066356CCE00FB1 /* Assets.xcassets in Resources */ = {isa = PBXBuildFile; fileRef = 5742DC35EBD000D3950F178E /* Assets.xcassets */; };
		C6166FC55201B299DAB4237B /* FortressWidgetBundle.swift in Sources */ = {isa = PBXBuildFile; fileRef = C0719089039E76104EF10CD6 /* FortressWidgetBundle.swift */; };
		C985C33D398C132A2CC0D3AC /* ClubCrestView.swift in Sources */ = {isa = PBXBuildFile; fileRef = 55613E1E0B8C6347004C5F9C /* ClubCrestView.swift */; };
		C9C5B291664F78109F871D8B /* PitchVenue.swift in Sources */ = {isa = PBXBuildFile; fileRef = 81CE3FA1C04A261DACD560AE /* PitchVenue.swift */; };
		C9FC23578B6F881A23A642E3 /* MatchResult.swift in Sources */ = {isa = PBXBuildFile; fileRef = B80966925E61F554767EBED9 /* MatchResult.swift */; };
		D0E4E6DE2122AED22D47166F /* FormationTests.swift in Sources */ = {isa = PBXBuildFile; fileRef = 10BCBE64EB37D44883D495A7 /* FormationTests.swift */; };
		E183164DB4F749EDED9831AB /* PlayerAvatarView.swift in Sources */ = {isa = PBXBuildFile; fileRef = 2BCC0A6C36B827FD76D7F361 /* PlayerAvatarView.swift */; };
		EEBD2955EDF1AC0D65A31C55 /* PlayerDatabaseView.swift in Sources */ = {isa = PBXBuildFile; fileRef = 28F57511A7F869E8DF9CD612 /* PlayerDatabaseView.swift */; };
		F1487FF75CF0452BA3ECCF40 /* PlayerTests.swift in Sources */ = {isa = PBXBuildFile; fileRef = CF74ACB214F32AB105244A63 /* PlayerTests.swift */; };
		F3FC4ED9AF6A2B8DE5D577CD /* LineupEditorView.swift in Sources */ = {isa = PBXBuildFile; fileRef = C377D6339B9C0A238D757191 /* LineupEditorView.swift */; };
		F57A17554C6004625277AA89 /* LeagueData.swift in Sources */ = {isa = PBXBuildFile; fileRef = 8CEF310A0D230188BD8DB4DA /* LeagueData.swift */; };
		F86889B40DB3EF937A222227 /* Theme.swift in Sources */ = {isa = PBXBuildFile; fileRef = 3EDDD1132AC91F85D4D897FA /* Theme.swift */; };
/* End PBXBuildFile section */

/* Begin PBXContainerItemProxy section */
		946E2338D6A93BC1F0EAB8DE /* PBXContainerItemProxy */ = {
			isa = PBXContainerItemProxy;
			containerPortal = 98017EC5AD234934AC26C948 /* Project object */;
			proxyType = 1;
			remoteGlobalIDString = 86973469F5BE15502AFF79DD;
			remoteInfo = HockeyLineup;
		};
		B2419328895FCBA32433E27D /* PBXContainerItemProxy */ = {
			isa = PBXContainerItemProxy;
			containerPortal = 98017EC5AD234934AC26C948 /* Project object */;
			proxyType = 1;
			remoteGlobalIDString = 5177D47D3959E8AD61F7BE4A;
			remoteInfo = FortressWidgetExtension;
		};
/* End PBXContainerItemProxy section */

/* Begin PBXCopyFilesBuildPhase section */
		BFCBA161142A7964A0828CDC /* Embed Foundation Extensions */ = {
			isa = PBXCopyFilesBuildPhase;
			buildActionMask = 2147483647;
			dstPath = "";
			dstSubfolderSpec = 13;
			files = (
				C27D08BAAA05D6E0DAFDE2C7 /* FortressWidgetExtension.appex in Embed Foundation Extensions */,
			);
			name = "Embed Foundation Extensions";
			runOnlyForDeploymentPostprocessing = 0;
		};
/* End PBXCopyFilesBuildPhase section */

/* Begin PBXFileReference section */
		017A9B878DA28B16B4293E2E /* NextFixtureIntent.swift */ = {isa = PBXFileReference; lastKnownFileType = sourcecode.swift; path = NextFixtureIntent.swift; sourceTree = "<group>"; };
		08A96E0169F97A3FB59CAC64 /* MatchActivityAttributes.swift */ = {isa = PBXFileReference; lastKnownFileType = sourcecode.swift; path = MatchActivityAttributes.swift; sourceTree = "<group>"; };
		0A53C9764EF1C981518F0EE1 /* ActivityShareSheet.swift */ = {isa = PBXFileReference; lastKnownFileType = sourcecode.swift; path = ActivityShareSheet.swift; sourceTree = "<group>"; };
		10BCBE64EB37D44883D495A7 /* FormationTests.swift */ = {isa = PBXFileReference; lastKnownFileType = sourcecode.swift; path = FormationTests.swift; sourceTree = "<group>"; };
		13183BEE691B72C68DF0A6DB /* PitchMarkingsView.swift */ = {isa = PBXFileReference; lastKnownFileType = sourcecode.swift; path = PitchMarkingsView.swift; sourceTree = "<group>"; };
		1E533BDB5FA112CA6ED16252 /* PlayerAvatar.swift */ = {isa = PBXFileReference; lastKnownFileType = sourcecode.swift; path = PlayerAvatar.swift; sourceTree = "<group>"; };
		28536282BB4EC9ABA33B50CD /* Color+Hex.swift */ = {isa = PBXFileReference; lastKnownFileType = sourcecode.swift; path = "Color+Hex.swift"; sourceTree = "<group>"; };
		28F57511A7F869E8DF9CD612 /* PlayerDatabaseView.swift */ = {isa = PBXFileReference; lastKnownFileType = sourcecode.swift; path = PlayerDatabaseView.swift; sourceTree = "<group>"; };
		2BCC0A6C36B827FD76D7F361 /* PlayerAvatarView.swift */ = {isa = PBXFileReference; lastKnownFileType = sourcecode.swift; path = PlayerAvatarView.swift; sourceTree = "<group>"; };
		3032A4820AFBCBA260EE45CC /* PitchVenuePickerView.swift */ = {isa = PBXFileReference; lastKnownFileType = sourcecode.swift; path = PitchVenuePickerView.swift; sourceTree = "<group>"; };
		33B9CB0594F00CF9BBDFE283 /* FortressWidgetExtension.appex */ = {isa = PBXFileReference; includeInIndex = 0; lastKnownFileType = "wrapper.app-extension"; path = FortressWidgetExtension.appex; sourceTree = BUILT_PRODUCTS_DIR; };
		35BAC318FC2AC3551049FA55 /* Player.swift */ = {isa = PBXFileReference; lastKnownFileType = sourcecode.swift; path = Player.swift; sourceTree = "<group>"; };
		3EDDD1132AC91F85D4D897FA /* Theme.swift */ = {isa = PBXFileReference; lastKnownFileType = sourcecode.swift; path = Theme.swift; sourceTree = "<group>"; };
		3F0BC73AF9416895839E5849 /* ExportCardView.swift */ = {isa = PBXFileReference; lastKnownFileType = sourcecode.swift; path = ExportCardView.swift; sourceTree = "<group>"; };
		417339181E61AF783EE9D586 /* PlayerStore.swift */ = {isa = PBXFileReference; lastKnownFileType = sourcecode.swift; path = PlayerStore.swift; sourceTree = "<group>"; };
		484D44AD5C5B2CC0E9F5D0CF /* CloudKitSyncService.swift */ = {isa = PBXFileReference; lastKnownFileType = sourcecode.swift; path = CloudKitSyncService.swift; sourceTree = "<group>"; };
		487C6F39B43F2B54F0C5BFEB /* LeagueDataTests.swift */ = {isa = PBXFileReference; lastKnownFileType = sourcecode.swift; path = LeagueDataTests.swift; sourceTree = "<group>"; };
		4AB51E88C49C760F1CCBD5FE /* PitchVenueTests.swift */ = {isa = PBXFileReference; lastKnownFileType = sourcecode.swift; path = PitchVenueTests.swift; sourceTree = "<group>"; };
		5128EF47B4A70846AF63C767 /* NextFixtureWidget.swift */ = {isa = PBXFileReference; lastKnownFileType = sourcecode.swift; path = NextFixtureWidget.swift; sourceTree = "<group>"; };
		513433185E68892F455FC8CD /* FailableDecodable.swift */ = {isa = PBXFileReference; lastKnownFileType = sourcecode.swift; path = FailableDecodable.swift; sourceTree = "<group>"; };
		55613E1E0B8C6347004C5F9C /* ClubCrestView.swift */ = {isa = PBXFileReference; lastKnownFileType = sourcecode.swift; path = ClubCrestView.swift; sourceTree = "<group>"; };
		5742DC35EBD000D3950F178E /* Assets.xcassets */ = {isa = PBXFileReference; includeInIndex = 1; lastKnownFileType = folder.assetcatalog; name = Assets.xcassets; path = Resources/Assets.xcassets; sourceTree = "<group>"; };
		600B207EE597571E0ECD2F0F /* HockeyLineup.app */ = {isa = PBXFileReference; includeInIndex = 0; lastKnownFileType = wrapper.application; path = HockeyLineup.app; sourceTree = BUILT_PRODUCTS_DIR; };
		64C0D653869A92EC827D58D6 /* FixturePickerView.swift */ = {isa = PBXFileReference; lastKnownFileType = sourcecode.swift; path = FixturePickerView.swift; sourceTree = "<group>"; };
		7343DB091FAE6384DBB58B2C /* FormationPickerView.swift */ = {isa = PBXFileReference; lastKnownFileType = sourcecode.swift; path = FormationPickerView.swift; sourceTree = "<group>"; };
		7C7B671813812B22F14A97AE /* HockeyLineupApp.swift */ = {isa = PBXFileReference; lastKnownFileType = sourcecode.swift; path = HockeyLineupApp.swift; sourceTree = "<group>"; };
		81CE3FA1C04A261DACD560AE /* PitchVenue.swift */ = {isa = PBXFileReference; lastKnownFileType = sourcecode.swift; path = PitchVenue.swift; sourceTree = "<group>"; };
		8815ABBD13D128087DC4BA95 /* LineupStore.swift */ = {isa = PBXFileReference; lastKnownFileType = sourcecode.swift; path = LineupStore.swift; sourceTree = "<group>"; };
		8CEF310A0D230188BD8DB4DA /* LeagueData.swift */ = {isa = PBXFileReference; lastKnownFileType = sourcecode.swift; path = LeagueData.swift; sourceTree = "<group>"; };
		93EAF831545C7C7E02817BF0 /* PlayerFormView.swift */ = {isa = PBXFileReference; lastKnownFileType = sourcecode.swift; path = PlayerFormView.swift; sourceTree = "<group>"; };
		9AC2F81519F1FED52D30DCAB /* ContentView.swift */ = {isa = PBXFileReference; lastKnownFileType = sourcecode.swift; path = ContentView.swift; sourceTree = "<group>"; };
		9EBC900ECD8AC0182EEBAA96 /* ViewRendering.swift */ = {isa = PBXFileReference; lastKnownFileType = sourcecode.swift; path = ViewRendering.swift; sourceTree = "<group>"; };
		B53087EA0843DBBF6EF9CC8F /* LineupCard.swift */ = {isa = PBXFileReference; lastKnownFileType = sourcecode.swift; path = LineupCard.swift; sourceTree = "<group>"; };
		B80966925E61F554767EBED9 /* MatchResult.swift */ = {isa = PBXFileReference; lastKnownFileType = sourcecode.swift; path = MatchResult.swift; sourceTree = "<group>"; };
		C0719089039E76104EF10CD6 /* FortressWidgetBundle.swift */ = {isa = PBXFileReference; lastKnownFileType = sourcecode.swift; path = FortressWidgetBundle.swift; sourceTree = "<group>"; };
		C17B1BD609B5B6E04D61C970 /* PitchView.swift */ = {isa = PBXFileReference; lastKnownFileType = sourcecode.swift; path = PitchView.swift; sourceTree = "<group>"; };
		C19DB37D13DA8C5C79F05D57 /* PlayerPickerView.swift */ = {isa = PBXFileReference; lastKnownFileType = sourcecode.swift; path = PlayerPickerView.swift; sourceTree = "<group>"; };
		C377D6339B9C0A238D757191 /* LineupEditorView.swift */ = {isa = PBXFileReference; lastKnownFileType = sourcecode.swift; path = LineupEditorView.swift; sourceTree = "<group>"; };
		CF74ACB214F32AB105244A63 /* PlayerTests.swift */ = {isa = PBXFileReference; lastKnownFileType = sourcecode.swift; path = PlayerTests.swift; sourceTree = "<group>"; };
		D9B6549A71CCF4F294D05D49 /* MatchLiveActivityWidget.swift */ = {isa = PBXFileReference; lastKnownFileType = sourcecode.swift; path = MatchLiveActivityWidget.swift; sourceTree = "<group>"; };
		E28D9F7FAA895B1E8F40AA69 /* LineupCardTests.swift */ = {isa = PBXFileReference; lastKnownFileType = sourcecode.swift; path = LineupCardTests.swift; sourceTree = "<group>"; };
		E33D694D9E20528A5A2A5E86 /* HockeyLineupTests.xctest */ = {isa = PBXFileReference; includeInIndex = 0; lastKnownFileType = wrapper.cfbundle; path = HockeyLineupTests.xctest; sourceTree = BUILT_PRODUCTS_DIR; };
		E6500DEB7CDD402FD3BD7D0B /* SeasonRecordView.swift */ = {isa = PBXFileReference; lastKnownFileType = sourcecode.swift; path = SeasonRecordView.swift; sourceTree = "<group>"; };
		F06D498F83AD372E92BCC11D /* CalendarService.swift */ = {isa = PBXFileReference; lastKnownFileType = sourcecode.swift; path = CalendarService.swift; sourceTree = "<group>"; };
		F7282E30B7767B0B59A6C524 /* Formation.swift */ = {isa = PBXFileReference; lastKnownFileType = sourcecode.swift; path = Formation.swift; sourceTree = "<group>"; };
/* End PBXFileReference section */

/* Begin PBXGroup section */
		07B5C89FCDAF4D1F4A433768 /* Extensions */ = {
			isa = PBXGroup;
			children = (
				28536282BB4EC9ABA33B50CD /* Color+Hex.swift */,
				3EDDD1132AC91F85D4D897FA /* Theme.swift */,
				9EBC900ECD8AC0182EEBAA96 /* ViewRendering.swift */,
			);
			path = Extensions;
			sourceTree = "<group>";
		};
		0A7FF61315C4ACADAC9ABBCC /* Widgets */ = {
			isa = PBXGroup;
			children = (
				933673039FB9ECE78E8D6814 /* FortressWidget */,
			);
			path = Widgets;
			sourceTree = "<group>";
		};
		0F0A5A36DA4D2F401DF1254B = {
			isa = PBXGroup;
			children = (
				A98D39C81218250261211749 /* Sources */,
				BAFE38B3E25A316D47F2B325 /* Tests */,
				0A7FF61315C4ACADAC9ABBCC /* Widgets */,
				41387F83DB554187EE138F60 /* Products */,
				5742DC35EBD000D3950F178E /* Assets.xcassets */,
			);
			sourceTree = "<group>";
		};
		1FF30AE4DB155E2F363E0863 /* Models */ = {
			isa = PBXGroup;
			children = (
				F7282E30B7767B0B59A6C524 /* Formation.swift */,
				8CEF310A0D230188BD8DB4DA /* LeagueData.swift */,
				B53087EA0843DBBF6EF9CC8F /* LineupCard.swift */,
				08A96E0169F97A3FB59CAC64 /* MatchActivityAttributes.swift */,
				B80966925E61F554767EBED9 /* MatchResult.swift */,
				81CE3FA1C04A261DACD560AE /* PitchVenue.swift */,
				35BAC318FC2AC3551049FA55 /* Player.swift */,
				1E533BDB5FA112CA6ED16252 /* PlayerAvatar.swift */,
			);
			path = Models;
			sourceTree = "<group>";
		};
		3DA3E327EE5EADF533BDEA22 /* HockeyLineupTests */ = {
			isa = PBXGroup;
			children = (
				10BCBE64EB37D44883D495A7 /* FormationTests.swift */,
				487C6F39B43F2B54F0C5BFEB /* LeagueDataTests.swift */,
				E28D9F7FAA895B1E8F40AA69 /* LineupCardTests.swift */,
				4AB51E88C49C760F1CCBD5FE /* PitchVenueTests.swift */,
				CF74ACB214F32AB105244A63 /* PlayerTests.swift */,
			);
			path = HockeyLineupTests;
			sourceTree = "<group>";
		};
		41387F83DB554187EE138F60 /* Products */ = {
			isa = PBXGroup;
			children = (
				33B9CB0594F00CF9BBDFE283 /* FortressWidgetExtension.appex */,
				600B207EE597571E0ECD2F0F /* HockeyLineup.app */,
				E33D694D9E20528A5A2A5E86 /* HockeyLineupTests.xctest */,
			);
			name = Products;
			sourceTree = "<group>";
		};
		429E3071DFD302395D7D5C75 /* Persistence */ = {
			isa = PBXGroup;
			children = (
				484D44AD5C5B2CC0E9F5D0CF /* CloudKitSyncService.swift */,
				513433185E68892F455FC8CD /* FailableDecodable.swift */,
				8815ABBD13D128087DC4BA95 /* LineupStore.swift */,
				417339181E61AF783EE9D586 /* PlayerStore.swift */,
			);
			path = Persistence;
			sourceTree = "<group>";
		};
		43722B42B94983499699EF93 /* Views */ = {
			isa = PBXGroup;
			children = (
				0A53C9764EF1C981518F0EE1 /* ActivityShareSheet.swift */,
				55613E1E0B8C6347004C5F9C /* ClubCrestView.swift */,
				9AC2F81519F1FED52D30DCAB /* ContentView.swift */,
				3F0BC73AF9416895839E5849 /* ExportCardView.swift */,
				64C0D653869A92EC827D58D6 /* FixturePickerView.swift */,
				7343DB091FAE6384DBB58B2C /* FormationPickerView.swift */,
				C377D6339B9C0A238D757191 /* LineupEditorView.swift */,
				13183BEE691B72C68DF0A6DB /* PitchMarkingsView.swift */,
				3032A4820AFBCBA260EE45CC /* PitchVenuePickerView.swift */,
				C17B1BD609B5B6E04D61C970 /* PitchView.swift */,
				2BCC0A6C36B827FD76D7F361 /* PlayerAvatarView.swift */,
				28F57511A7F869E8DF9CD612 /* PlayerDatabaseView.swift */,
				93EAF831545C7C7E02817BF0 /* PlayerFormView.swift */,
				C19DB37D13DA8C5C79F05D57 /* PlayerPickerView.swift */,
				E6500DEB7CDD402FD3BD7D0B /* SeasonRecordView.swift */,
			);
			path = Views;
			sourceTree = "<group>";
		};
		692CD3A3C9082DAFD15F94EE /* Services */ = {
			isa = PBXGroup;
			children = (
				F06D498F83AD372E92BCC11D /* CalendarService.swift */,
			);
			path = Services;
			sourceTree = "<group>";
		};
		933673039FB9ECE78E8D6814 /* FortressWidget */ = {
			isa = PBXGroup;
			children = (
				C0719089039E76104EF10CD6 /* FortressWidgetBundle.swift */,
				D9B6549A71CCF4F294D05D49 /* MatchLiveActivityWidget.swift */,
				5128EF47B4A70846AF63C767 /* NextFixtureWidget.swift */,
			);
			path = FortressWidget;
			sourceTree = "<group>";
		};
		A98D39C81218250261211749 /* Sources */ = {
			isa = PBXGroup;
			children = (
				7C7B671813812B22F14A97AE /* HockeyLineupApp.swift */,
				DE7B40E0EF2101B57870675D /* AppIntents */,
				07B5C89FCDAF4D1F4A433768 /* Extensions */,
				1FF30AE4DB155E2F363E0863 /* Models */,
				429E3071DFD302395D7D5C75 /* Persistence */,
				692CD3A3C9082DAFD15F94EE /* Services */,
				43722B42B94983499699EF93 /* Views */,
			);
			path = Sources;
			sourceTree = "<group>";
		};
		BAFE38B3E25A316D47F2B325 /* Tests */ = {
			isa = PBXGroup;
			children = (
				3DA3E327EE5EADF533BDEA22 /* HockeyLineupTests */,
			);
			path = Tests;
			sourceTree = "<group>";
		};
		DE7B40E0EF2101B57870675D /* AppIntents */ = {
			isa = PBXGroup;
			children = (
				017A9B878DA28B16B4293E2E /* NextFixtureIntent.swift */,
			);
			path = AppIntents;
			sourceTree = "<group>";
		};
/* End PBXGroup section */

/* Begin PBXNativeTarget section */
		5177D47D3959E8AD61F7BE4A /* FortressWidgetExtension */ = {
			isa = PBXNativeTarget;
			buildConfigurationList = 1E29668A1DC4CA3BA79A7107 /* Build configuration list for PBXNativeTarget "FortressWidgetExtension" */;
			buildPhases = (
				E0384F02E1CF0988BA215576 /* Sources */,
			);
			buildRules = (
			);
			dependencies = (
			);
			name = FortressWidgetExtension;
			productName = FortressWidgetExtension;
			productReference = 33B9CB0594F00CF9BBDFE283 /* FortressWidgetExtension.appex */;
			productType = "com.apple.product-type.app-extension";
		};
		86973469F5BE15502AFF79DD /* HockeyLineup */ = {
			isa = PBXNativeTarget;
			buildConfigurationList = CE071C655BED44B5DFD512C1 /* Build configuration list for PBXNativeTarget "HockeyLineup" */;
			buildPhases = (
				978BDE4E4FB1E5BC09F27B81 /* Sources */,
				BFCBA161142A7964A0828CDC /* Embed Foundation Extensions */,
				70D5E0C50C34E3B10365C147 /* Resources */,
			);
			buildRules = (
			);
			dependencies = (
				8FC1A5B48990611550B62A55 /* PBXTargetDependency */,
			);
			name = HockeyLineup;
			productName = HockeyLineup;
			productReference = 600B207EE597571E0ECD2F0F /* HockeyLineup.app */;
			productType = "com.apple.product-type.application";
		};
		9A3A401EEADAF634F1EA12CE /* HockeyLineupTests */ = {
			isa = PBXNativeTarget;
			buildConfigurationList = EECD2DEA8BA326E9BD193960 /* Build configuration list for PBXNativeTarget "HockeyLineupTests" */;
			buildPhases = (
				329603F31BC734F3B38B7DF6 /* Sources */,
			);
			buildRules = (
			);
			dependencies = (
				42407112F9BDA87F73507BC3 /* PBXTargetDependency */,
			);
			name = HockeyLineupTests;
			productName = HockeyLineupTests;
			productReference = E33D694D9E20528A5A2A5E86 /* HockeyLineupTests.xctest */;
			productType = "com.apple.product-type.bundle.unit-test";
		};
/* End PBXNativeTarget section */

/* Begin PBXProject section */
		98017EC5AD234934AC26C948 /* Project object */ = {
			isa = PBXProject;
			attributes = {
				BuildIndependentTargetsInParallel = YES;
				LastUpgradeCheck = 1430;
				TargetAttributes = {
				};
			};
			buildConfigurationList = 1EC4A68E0B407780A0236407 /* Build configuration list for PBXProject "HockeyLineup" */;
			developmentRegion = en;
			hasScannedForEncodings = 0;
			knownRegions = (
				Base,
				en,
			);
			mainGroup = 0F0A5A36DA4D2F401DF1254B;
			minimizedProjectReferenceProxies = 1;
			preferredProjectObjectVersion = 77;
			productRefGroup = 41387F83DB554187EE138F60 /* Products */;
			projectDirPath = "";
			projectRoot = "";
			targets = (
				86973469F5BE15502AFF79DD /* HockeyLineup */,
				5177D47D3959E8AD61F7BE4A /* FortressWidgetExtension */,
				9A3A401EEADAF634F1EA12CE /* HockeyLineupTests */,
			);
		};
/* End PBXProject section */

/* Begin PBXResourcesBuildPhase section */
		70D5E0C50C34E3B10365C147 /* Resources */ = {
			isa = PBXResourcesBuildPhase;
			buildActionMask = 2147483647;
			files = (
				C465866A3B066356CCE00FB1 /* Assets.xcassets in Resources */,
			);
			runOnlyForDeploymentPostprocessing = 0;
		};
/* End PBXResourcesBuildPhase section */

/* Begin PBXSourcesBuildPhase section */
		329603F31BC734F3B38B7DF6 /* Sources */ = {
			isa = PBXSourcesBuildPhase;
			buildActionMask = 2147483647;
			files = (
				D0E4E6DE2122AED22D47166F /* FormationTests.swift in Sources */,
				799FF1A220A1D620883DA5EE /* LeagueDataTests.swift in Sources */,
				94F160615402EA5781C9FC8D /* LineupCardTests.swift in Sources */,
				B48C05B927D7147369791CF8 /* PitchVenueTests.swift in Sources */,
				F1487FF75CF0452BA3ECCF40 /* PlayerTests.swift in Sources */,
			);
			runOnlyForDeploymentPostprocessing = 0;
		};
		978BDE4E4FB1E5BC09F27B81 /* Sources */ = {
			isa = PBXSourcesBuildPhase;
			buildActionMask = 2147483647;
			files = (
				A3B2B6B9958739F5200D176F /* ActivityShareSheet.swift in Sources */,
				95CF61A8AD516B3CD0E0F8B4 /* CalendarService.swift in Sources */,
				29D6851D1CFD334DB7CD81FC /* CloudKitSyncService.swift in Sources */,
				C985C33D398C132A2CC0D3AC /* ClubCrestView.swift in Sources */,
				A7E2A305B7CB89924838E942 /* Color+Hex.swift in Sources */,
				A8471E5D192BF20C8C9D8BCD /* ContentView.swift in Sources */,
				2FFBE1DF9F8EE2D2EF00A015 /* ExportCardView.swift in Sources */,
				B4FA5526C7F4B530F3FA98C2 /* FailableDecodable.swift in Sources */,
				594A81B2477C58F956590CE7 /* FixturePickerView.swift in Sources */,
				B45FC7D0ECF7B158DF209EB0 /* Formation.swift in Sources */,
				A8AFA545C56D91EDEDAFCD3C /* FormationPickerView.swift in Sources */,
				5DFE5A5FE7A6827D5CF7C2A4 /* HockeyLineupApp.swift in Sources */,
				F57A17554C6004625277AA89 /* LeagueData.swift in Sources */,
				5E030DE13C0F1E8823D30B50 /* LineupCard.swift in Sources */,
				F3FC4ED9AF6A2B8DE5D577CD /* LineupEditorView.swift in Sources */,
				776DD742C5A664333430C294 /* LineupStore.swift in Sources */,
				99140DE8C7A08157B3F10DE2 /* MatchActivityAttributes.swift in Sources */,
				C9FC23578B6F881A23A642E3 /* MatchResult.swift in Sources */,
				1491A24D4D1068FC7AA7F81F /* NextFixtureIntent.swift in Sources */,
				7F93A5071F278428D91FBCCE /* PitchMarkingsView.swift in Sources */,
				5CE4AD0F42814D93859E92C2 /* PitchVenue.swift in Sources */,
				9819AA45FD96FDC948C236B2 /* PitchVenuePickerView.swift in Sources */,
				782A2070838D3DB1EE001701 /* PitchView.swift in Sources */,
				3B2EB1EE622189438D3D6298 /* Player.swift in Sources */,
				4C58EEA7A9F2BB7FF96A60C8 /* PlayerAvatar.swift in Sources */,
				E183164DB4F749EDED9831AB /* PlayerAvatarView.swift in Sources */,
				EEBD2955EDF1AC0D65A31C55 /* PlayerDatabaseView.swift in Sources */,
				8974680F6290A9A3B790168C /* PlayerFormView.swift in Sources */,
				6F072F2639BBC75DDFF3A3C7 /* PlayerPickerView.swift in Sources */,
				A2747DD4137A4900FBF2A8E9 /* PlayerStore.swift in Sources */,
				56C9147427DC7805C3423C3C /* SeasonRecordView.swift in Sources */,
				F86889B40DB3EF937A222227 /* Theme.swift in Sources */,
				68942BBDC8004FA1D3DC6D78 /* ViewRendering.swift in Sources */,
			);
			runOnlyForDeploymentPostprocessing = 0;
		};
		E0384F02E1CF0988BA215576 /* Sources */ = {
			isa = PBXSourcesBuildPhase;
			buildActionMask = 2147483647;
			files = (
				7208FA3BA0C6C76A6E8360F1 /* Color+Hex.swift in Sources */,
				C6166FC55201B299DAB4237B /* FortressWidgetBundle.swift in Sources */,
				AD61EA3BB106BC4062FA0CFF /* LeagueData.swift in Sources */,
				886743C55781EBEDE71AEA19 /* MatchActivityAttributes.swift in Sources */,
				757AC9785652DACA26035FF1 /* MatchLiveActivityWidget.swift in Sources */,
				A2CB26A185CD8A0DBC773BC8 /* MatchResult.swift in Sources */,
				97A96C0F074411F52154A2B3 /* NextFixtureWidget.swift in Sources */,
				C9C5B291664F78109F871D8B /* PitchVenue.swift in Sources */,
				85BDC0DC1B07E89235D842D2 /* Theme.swift in Sources */,
			);
			runOnlyForDeploymentPostprocessing = 0;
		};
/* End PBXSourcesBuildPhase section */

/* Begin PBXTargetDependency section */
		42407112F9BDA87F73507BC3 /* PBXTargetDependency */ = {
			isa = PBXTargetDependency;
			target = 86973469F5BE15502AFF79DD /* HockeyLineup */;
			targetProxy = 946E2338D6A93BC1F0EAB8DE /* PBXContainerItemProxy */;
		};
		8FC1A5B48990611550B62A55 /* PBXTargetDependency */ = {
			isa = PBXTargetDependency;
			target = 5177D47D3959E8AD61F7BE4A /* FortressWidgetExtension */;
			targetProxy = B2419328895FCBA32433E27D /* PBXContainerItemProxy */;
		};
/* End PBXTargetDependency section */

/* Begin XCBuildConfiguration section */
		005E717C19FAB1811656321F /* Debug */ = {
			isa = XCBuildConfiguration;
			buildSettings = {
				ASSETCATALOG_COMPILER_APPICON_NAME = AppIcon;
				CODE_SIGN_ENTITLEMENTS = Resources/HockeyLineup.entitlements;
				CODE_SIGN_IDENTITY = "iPhone Developer";
				CURRENT_PROJECT_VERSION = 1;
				GENERATE_INFOPLIST_FILE = YES;
				INFOPLIST_FILE = Generated/Info.plist;
				LD_RUNPATH_SEARCH_PATHS = (
					"$(inherited)",
					"@executable_path/Frameworks",
				);
				MARKETING_VERSION = 1.0;
				PRODUCT_BUNDLE_IDENTIFIER = com.example.hockeylineup;
				SDKROOT = iphoneos;
				TARGETED_DEVICE_FAMILY = "1,2";
			};
			name = Debug;
		};
		4F6ECA05223EE00D9E570616 /* Debug */ = {
			isa = XCBuildConfiguration;
			buildSettings = {
				ALWAYS_SEARCH_USER_PATHS = NO;
				ASSETCATALOG_COMPILER_APPICON_NAME = AppIcon;
				ASSETCATALOG_COMPILER_GLOBAL_ACCENT_COLOR_NAME = AccentColor;
				CLANG_ANALYZER_NONNULL = YES;
				CLANG_ANALYZER_NUMBER_OBJECT_CONVERSION = YES_AGGRESSIVE;
				CLANG_CXX_LANGUAGE_STANDARD = "gnu++14";
				CLANG_CXX_LIBRARY = "libc++";
				CLANG_ENABLE_MODULES = YES;
				CLANG_ENABLE_OBJC_ARC = YES;
				CLANG_ENABLE_OBJC_WEAK = YES;
				CLANG_WARN_BLOCK_CAPTURE_AUTORELEASING = YES;
				CLANG_WARN_BOOL_CONVERSION = YES;
				CLANG_WARN_COMMA = YES;
				CLANG_WARN_CONSTANT_CONVERSION = YES;
				CLANG_WARN_DEPRECATED_OBJC_IMPLEMENTATIONS = YES;
				CLANG_WARN_DIRECT_OBJC_ISA_USAGE = YES_ERROR;
				CLANG_WARN_DOCUMENTATION_COMMENTS = YES;
				CLANG_WARN_EMPTY_BODY = YES;
				CLANG_WARN_ENUM_CONVERSION = YES;
				CLANG_WARN_INFINITE_RECURSION = YES;
				CLANG_WARN_INT_CONVERSION = YES;
				CLANG_WARN_NON_LITERAL_NULL_CONVERSION = YES;
				CLANG_WARN_OBJC_IMPLICIT_RETAIN_SELF = YES;
				CLANG_WARN_OBJC_LITERAL_CONVERSION = YES;
				CLANG_WARN_OBJC_ROOT_CLASS = YES_ERROR;
				CLANG_WARN_QUOTED_INCLUDE_IN_FRAMEWORK_HEADER = YES;
				CLANG_WARN_RANGE_LOOP_ANALYSIS = YES;
				CLANG_WARN_STRICT_PROTOTYPES = YES;
				CLANG_WARN_SUSPICIOUS_MOVE = YES;
				CLANG_WARN_UNGUARDED_AVAILABILITY = YES_AGGRESSIVE;
				CLANG_WARN_UNREACHABLE_CODE = YES;
				CLANG_WARN__DUPLICATE_METHOD_MATCH = YES;
				COPY_PHASE_STRIP = NO;
				DEBUG_INFORMATION_FORMAT = dwarf;
				ENABLE_STRICT_OBJC_MSGSEND = YES;
				ENABLE_TESTABILITY = YES;
				GCC_C_LANGUAGE_STANDARD = gnu11;
				GCC_DYNAMIC_NO_PIC = NO;
				GCC_NO_COMMON_BLOCKS = YES;
				GCC_OPTIMIZATION_LEVEL = 0;
				GCC_PREPROCESSOR_DEFINITIONS = (
					"$(inherited)",
					"DEBUG=1",
				);
				GCC_WARN_64_TO_32_BIT_CONVERSION = YES;
				GCC_WARN_ABOUT_RETURN_TYPE = YES_ERROR;
				GCC_WARN_UNDECLARED_SELECTOR = YES;
				GCC_WARN_UNINITIALIZED_AUTOS = YES_AGGRESSIVE;
				GCC_WARN_UNUSED_FUNCTION = YES;
				GCC_WARN_UNUSED_VARIABLE = YES;
				IPHONEOS_DEPLOYMENT_TARGET = 17.0;
				ITSAppUsesNonExemptEncryption = NO;
				MTL_ENABLE_DEBUG_INFO = INCLUDE_SOURCE;
				MTL_FAST_MATH = YES;
				ONLY_ACTIVE_ARCH = YES;
				PRODUCT_NAME = "$(TARGET_NAME)";
				SDKROOT = iphoneos;
				SWIFT_ACTIVE_COMPILATION_CONDITIONS = DEBUG;
				SWIFT_OPTIMIZATION_LEVEL = "-Onone";
				SWIFT_VERSION = 5.0;
				TARGETED_DEVICE_FAMILY = 1;
			};
			name = Debug;
		};
		819B1E756BF94628F602C2DA /* Release */ = {
			isa = XCBuildConfiguration;
			buildSettings = {
				BUNDLE_LOADER = "$(TEST_HOST)";
				GENERATE_INFOPLIST_FILE = YES;
				LD_RUNPATH_SEARCH_PATHS = (
					"$(inherited)",
					"@executable_path/Frameworks",
					"@loader_path/Frameworks",
				);
				PRODUCT_BUNDLE_IDENTIFIER = com.example.HockeyLineupTests;
				SDKROOT = iphoneos;
				TARGETED_DEVICE_FAMILY = "1,2";
				TEST_HOST = "$(BUILT_PRODUCTS_DIR)/HockeyLineup.app/HockeyLineup";
			};
			name = Release;
		};
		A3CE6848505385442676A768 /* Debug */ = {
			isa = XCBuildConfiguration;
			buildSettings = {
				CURRENT_PROJECT_VERSION = 1;
				GENERATE_INFOPLIST_FILE = YES;
				INFOPLIST_FILE = "Generated/FortressWidgetExtension-Info.plist";
				LD_RUNPATH_SEARCH_PATHS = (
					"$(inherited)",
					"@executable_path/Frameworks",
					"@executable_path/../../Frameworks",
				);
				MARKETING_VERSION = 1.0;
				PRODUCT_BUNDLE_IDENTIFIER = com.example.hockeylineup.FortressWidget;
				PRODUCT_NAME = FortressWidget;
				SDKROOT = iphoneos;
				SWIFT_EMIT_LOC_STRINGS = NO;
				TARGETED_DEVICE_FAMILY = "1,2";
			};
			name = Debug;
		};
		C076056D9E699113CB5859E2 /* Release */ = {
			isa = XCBuildConfiguration;
			buildSettings = {
				ASSETCATALOG_COMPILER_APPICON_NAME = AppIcon;
				CODE_SIGN_ENTITLEMENTS = Resources/HockeyLineup.entitlements;
				CODE_SIGN_IDENTITY = "iPhone Developer";
				CURRENT_PROJECT_VERSION = 1;
				GENERATE_INFOPLIST_FILE = YES;
				INFOPLIST_FILE = Generated/Info.plist;
				LD_RUNPATH_SEARCH_PATHS = (
					"$(inherited)",
					"@executable_path/Frameworks",
				);
				MARKETING_VERSION = 1.0;
				PRODUCT_BUNDLE_IDENTIFIER = com.example.hockeylineup;
				SDKROOT = iphoneos;
				TARGETED_DEVICE_FAMILY = "1,2";
			};
			name = Release;
		};
		D0C230D9060CDA90C1B46D67 /* Debug */ = {
			isa = XCBuildConfiguration;
			buildSettings = {
				BUNDLE_LOADER = "$(TEST_HOST)";
				GENERATE_INFOPLIST_FILE = YES;
				LD_RUNPATH_SEARCH_PATHS = (
					"$(inherited)",
					"@executable_path/Frameworks",
					"@loader_path/Frameworks",
				);
				PRODUCT_BUNDLE_IDENTIFIER = com.example.HockeyLineupTests;
				SDKROOT = iphoneos;
				TARGETED_DEVICE_FAMILY = "1,2";
				TEST_HOST = "$(BUILT_PRODUCTS_DIR)/HockeyLineup.app/HockeyLineup";
			};
			name = Debug;
		};
		DDBC6FC7EF90E3E137C1F85A /* Release */ = {
			isa = XCBuildConfiguration;
			buildSettings = {
				ALWAYS_SEARCH_USER_PATHS = NO;
				ASSETCATALOG_COMPILER_APPICON_NAME = AppIcon;
				ASSETCATALOG_COMPILER_GLOBAL_ACCENT_COLOR_NAME = AccentColor;
				CLANG_ANALYZER_NONNULL = YES;
				CLANG_ANALYZER_NUMBER_OBJECT_CONVERSION = YES_AGGRESSIVE;
				CLANG_CXX_LANGUAGE_STANDARD = "gnu++14";
				CLANG_CXX_LIBRARY = "libc++";
				CLANG_ENABLE_MODULES = YES;
				CLANG_ENABLE_OBJC_ARC = YES;
				CLANG_ENABLE_OBJC_WEAK = YES;
				CLANG_WARN_BLOCK_CAPTURE_AUTORELEASING = YES;
				CLANG_WARN_BOOL_CONVERSION = YES;
				CLANG_WARN_COMMA = YES;
				CLANG_WARN_CONSTANT_CONVERSION = YES;
				CLANG_WARN_DEPRECATED_OBJC_IMPLEMENTATIONS = YES;
				CLANG_WARN_DIRECT_OBJC_ISA_USAGE = YES_ERROR;
				CLANG_WARN_DOCUMENTATION_COMMENTS = YES;
				CLANG_WARN_EMPTY_BODY = YES;
				CLANG_WARN_ENUM_CONVERSION = YES;
				CLANG_WARN_INFINITE_RECURSION = YES;
				CLANG_WARN_INT_CONVERSION = YES;
				CLANG_WARN_NON_LITERAL_NULL_CONVERSION = YES;
				CLANG_WARN_OBJC_IMPLICIT_RETAIN_SELF = YES;
				CLANG_WARN_OBJC_LITERAL_CONVERSION = YES;
				CLANG_WARN_OBJC_ROOT_CLASS = YES_ERROR;
				CLANG_WARN_QUOTED_INCLUDE_IN_FRAMEWORK_HEADER = YES;
				CLANG_WARN_RANGE_LOOP_ANALYSIS = YES;
				CLANG_WARN_STRICT_PROTOTYPES = YES;
				CLANG_WARN_SUSPICIOUS_MOVE = YES;
				CLANG_WARN_UNGUARDED_AVAILABILITY = YES_AGGRESSIVE;
				CLANG_WARN_UNREACHABLE_CODE = YES;
				CLANG_WARN__DUPLICATE_METHOD_MATCH = YES;
				COPY_PHASE_STRIP = NO;
				DEBUG_INFORMATION_FORMAT = "dwarf-with-dsym";
				ENABLE_NS_ASSERTIONS = NO;
				ENABLE_STRICT_OBJC_MSGSEND = YES;
				GCC_C_LANGUAGE_STANDARD = gnu11;
				GCC_NO_COMMON_BLOCKS = YES;
				GCC_WARN_64_TO_32_BIT_CONVERSION = YES;
				GCC_WARN_ABOUT_RETURN_TYPE = YES_ERROR;
				GCC_WARN_UNDECLARED_SELECTOR = YES;
				GCC_WARN_UNINITIALIZED_AUTOS = YES_AGGRESSIVE;
				GCC_WARN_UNUSED_FUNCTION = YES;
				GCC_WARN_UNUSED_VARIABLE = YES;
				IPHONEOS_DEPLOYMENT_TARGET = 17.0;
				ITSAppUsesNonExemptEncryption = NO;
				MTL_ENABLE_DEBUG_INFO = NO;
				MTL_FAST_MATH = YES;
				PRODUCT_NAME = "$(TARGET_NAME)";
				SDKROOT = iphoneos;
				SWIFT_COMPILATION_MODE = wholemodule;
				SWIFT_OPTIMIZATION_LEVEL = "-O";
				SWIFT_VERSION = 5.0;
				TARGETED_DEVICE_FAMILY = 1;
			};
			name = Release;
		};
		E47F6CF3A4D8B8C8F113EF5B /* Release */ = {
			isa = XCBuildConfiguration;
			buildSettings = {
				CURRENT_PROJECT_VERSION = 1;
				GENERATE_INFOPLIST_FILE = YES;
				INFOPLIST_FILE = "Generated/FortressWidgetExtension-Info.plist";
				LD_RUNPATH_SEARCH_PATHS = (
					"$(inherited)",
					"@executable_path/Frameworks",
					"@executable_path/../../Frameworks",
				);
				MARKETING_VERSION = 1.0;
				PRODUCT_BUNDLE_IDENTIFIER = com.example.hockeylineup.FortressWidget;
				PRODUCT_NAME = FortressWidget;
				SDKROOT = iphoneos;
				SWIFT_EMIT_LOC_STRINGS = NO;
				TARGETED_DEVICE_FAMILY = "1,2";
			};
			name = Release;
		};
/* End XCBuildConfiguration section */

/* Begin XCConfigurationList section */
		1E29668A1DC4CA3BA79A7107 /* Build configuration list for PBXNativeTarget "FortressWidgetExtension" */ = {
			isa = XCConfigurationList;
			buildConfigurations = (
				A3CE6848505385442676A768 /* Debug */,
				E47F6CF3A4D8B8C8F113EF5B /* Release */,
			);
			defaultConfigurationIsVisible = 0;
			defaultConfigurationName = Debug;
		};
		1EC4A68E0B407780A0236407 /* Build configuration list for PBXProject "HockeyLineup" */ = {
			isa = XCConfigurationList;
			buildConfigurations = (
				4F6ECA05223EE00D9E570616 /* Debug */,
				DDBC6FC7EF90E3E137C1F85A /* Release */,
			);
			defaultConfigurationIsVisible = 0;
			defaultConfigurationName = Debug;
		};
		CE071C655BED44B5DFD512C1 /* Build configuration list for PBXNativeTarget "HockeyLineup" */ = {
			isa = XCConfigurationList;
			buildConfigurations = (
				005E717C19FAB1811656321F /* Debug */,
				C076056D9E699113CB5859E2 /* Release */,
			);
			defaultConfigurationIsVisible = 0;
			defaultConfigurationName = Debug;
		};
		EECD2DEA8BA326E9BD193960 /* Build configuration list for PBXNativeTarget "HockeyLineupTests" */ = {
			isa = XCConfigurationList;
			buildConfigurations = (
				D0C230D9060CDA90C1B46D67 /* Debug */,
				819B1E756BF94628F602C2DA /* Release */,
			);
			defaultConfigurationIsVisible = 0;
			defaultConfigurationName = Debug;
		};
/* End XCConfigurationList section */
	};
	rootObject = 98017EC5AD234934AC26C948 /* Project object */;
}
